
Microsoft Visual Studio Solution File, Format Version 12.00
# Visual Studio Version 17
VisualStudioVersion = 17.10.35027.167
MinimumVisualStudioVersion = 10.0.40219.1
Project("{FAE04EC0-301F-11D3-BF4B-00C04F79EFBC}") = "MauiAppTask2", "MauiAppTask2\MauiAppTask2.csproj", "{27E2BC87-0CB1-4063-BEFE-FB66B46ECB45}"
EndProject
Global
	GlobalSection(SolutionConfigurationPlatforms) = preSolution
		Debug|Any CPU = Debug|Any CPU
		Release|Any CPU = Release|Any CPU
	EndGlobalSection
	GlobalSection(ProjectConfigurationPlatforms) = postSolution
		{27E2BC87-0CB1-4063-BEFE-FB66B46ECB45}.Debug|Any CPU.ActiveCfg = Debug|Any CPU
		{27E2BC87-0CB1-4063-BEFE-FB66B46ECB45}.Debug|Any CPU.Build.0 = Debug|Any CPU
		{27E2BC87-0CB1-4063-BEFE-FB66B46ECB45}.Debug|Any CPU.Deploy.0 = Debug|Any CPU
		{27E2BC87-0CB1-4063-BEFE-FB66B46ECB45}.Release|Any CPU.ActiveCfg = Release|Any CPU
		{27E2BC87-0CB1-4063-BEFE-FB66B46ECB45}.Release|Any CPU.Build.0 = Release|Any CPU
		{27E2BC87-0CB1-4063-BEFE-FB66B46ECB45}.Release|Any CPU.Deploy.0 = Release|Any CPU
	EndGlobalSection
	GlobalSection(SolutionProperties) = preSolution
		HideSolutionNode = FALSE
	EndGlobalSection
	GlobalSection(ExtensibilityGlobals) = postSolution
		SolutionGuid = {60AC8AEC-A608-4DC2-AF4E-E13DD98FE930}
	EndGlobalSection
EndGlobal
